
Microsoft Visual Studio Solution File, Format Version 12.00
# Visual Studio Version 17
VisualStudioVersion = 17.9.34607.119
MinimumVisualStudioVersion = 10.0.40219.1
Project("{FAE04EC0-301F-11D3-BF4B-00C04F79EFBC}") = "Project", "Project\Project.csproj", "{CA0A78B2-4D2C-48E6-8ECA-DBE030313EA8}"
EndProject
Global
	GlobalSection(SolutionConfigurationPlatforms) = preSolution
		Debug|Any CPU = Debug|Any CPU
		Release|Any CPU = Release|Any CPU
	EndGlobalSection
	GlobalSection(ProjectConfigurationPlatforms) = postSolution
		{CA0A78B2-4D2C-48E6-8ECA-DBE030313EA8}.Debug|Any CPU.ActiveCfg = Debug|Any CPU
		{CA0A78B2-4D2C-48E6-8ECA-DBE030313EA8}.Debug|Any CPU.Build.0 = Debug|Any CPU
		{CA0A78B2-4D2C-48E6-8ECA-DBE030313EA8}.Release|Any CPU.ActiveCfg = Release|Any CPU
		{CA0A78B2-4D2C-48E6-8ECA-DBE030313EA8}.Release|Any CPU.Build.0 = Release|Any CPU
	EndGlobalSection
	GlobalSection(SolutionProperties) = preSolution
		HideSolutionNode = FALSE
	EndGlobalSection
	GlobalSection(ExtensibilityGlobals) = postSolution
		SolutionGuid = {08DF3880-431C-48FE-9E25-635D28ED0A97}
	EndGlobalSection
EndGlobal
